Microsoft Visual Studio Solution File, Format Version 11.00
# Visual Studio 2008

Project("{237BFC8F-25F8-3BAC-3BF0-61FAE43A5461}") = "IsaacHeart", "Assembly-CSharp.csproj", "{6AB4FD98-0C4F-50FF-67B8-735475C762D6}"
EndProject
Project("{237BFC8F-25F8-3BAC-3BF0-61FAE43A5461}") = "IsaacHeart", "Assembly-CSharp-Editor.csproj", "{A366DFB9-461D-9788-31E0-DF81CCA45B59}"
EndProject
Global
	GlobalSection(SolutionConfigurationPlatforms) = preSolution
		Debug|Any CPU = Debug|Any CPU
		Release|Any CPU = Release|Any CPU
	EndGlobalSection
	GlobalSection(ProjectConfigurationPlatforms) = postSolution
		{6AB4FD98-0C4F-50FF-67B8-735475C762D6}.Debug|Any CPU.ActiveCfg = Debug|Any CPU
		{6AB4FD98-0C4F-50FF-67B8-735475C762D6}.Debug|Any CPU.Build.0 = Debug|Any CPU
		{6AB4FD98-0C4F-50FF-67B8-735475C762D6}.Release|Any CPU.ActiveCfg = Release|Any CPU
		{6AB4FD98-0C4F-50FF-67B8-735475C762D6}.Release|Any CPU.Build.0 = Release|Any CPU
		{A366DFB9-461D-9788-31E0-DF81CCA45B59}.Debug|Any CPU.ActiveCfg = Debug|Any CPU
		{A366DFB9-461D-9788-31E0-DF81CCA45B59}.Debug|Any CPU.Build.0 = Debug|Any CPU
		{A366DFB9-461D-9788-31E0-DF81CCA45B59}.Release|Any CPU.ActiveCfg = Release|Any CPU
		{A366DFB9-461D-9788-31E0-DF81CCA45B59}.Release|Any CPU.Build.0 = Release|Any CPU
	EndGlobalSection
	GlobalSection(SolutionProperties) = preSolution
		HideSolutionNode = FALSE
	EndGlobalSection
	GlobalSection(MonoDevelopProperties) = preSolution
		StartupItem = Assembly-CSharp.csproj
	EndGlobalSection
EndGlobal
